
Skip to content
Pull requests
Issues
Codespaces
Marketplace
Explore
@ibphantom
m4tt72 /
terminal
Public

Fork your own copy of m4tt72/terminal

Code
Issues 1
Pull requests
Discussions
Actions
Security

    Insights

You’re making changes in a project you don’t have write access to. We’ve created a fork of this project for you to commit your proposed changes to. Submitting a change will write it to a new branch in your fork, so you can send a pull request.
terminal/
in
m4tt72:master

1

# THIS IS AN AUTOGENERATED FILE. DO NOT EDIT THIS FILE DIRECTLY.

2

# yarn lockfile v1

3

​

4

​

5

"@babel/runtime-corejs3@^7.10.2":

6

  version "7.19.1"

7

  resolved "https://registry.yarnpkg.com/@babel/runtime-corejs3/-/runtime-corejs3-7.19.1.tgz#f0cbbe7edda7c4109cd253bb1dee99aba4594ad9"

8

  integrity sha512-j2vJGnkopRzH+ykJ8h68wrHnEUmtK//E723jjixiAl/PPf6FhqY/vYRcMVlNydRKQjQsTsYEjpx+DZMIvnGk/g==

9

  dependencies:

10

    core-js-pure "^3.25.1"

11

    regenerator-runtime "^0.13.4"

12

​

13

"@babel/runtime@^7.10.2", "@babel/runtime@^7.18.9":

14

  version "7.19.0"

15

  resolved "https://registry.yarnpkg.com/@babel/runtime/-/runtime-7.19.0.tgz#22b11c037b094d27a8a2504ea4dcff00f50e2259"

16

  integrity sha512-eR8Lo9hnDS7tqkO7NsV+mKvCmv5boaXFSZ70DnfhcgiEne8hv9oCEd36Klw74EtizEqLsy4YnW8UWwpBVolHZA==

17

  dependencies:

18

    regenerator-runtime "^0.13.4"

19

​

20

"@eslint-community/eslint-utils@^4.2.0":

21

  version "4.3.0"

22

  resolved "https://registry.yarnpkg.com/@eslint-community/eslint-utils/-/eslint-utils-4.3.0.tgz#a556790523a351b4e47e9d385f47265eaaf9780a"

23

  integrity sha512-v3oplH6FYCULtFuCeqyuTd9D2WKO937Dxdq+GmHOLL72TTRriLxz2VLlNfkZRsvj6PKnOPAtuT6dwrs/pA5DvA==

24

  dependencies:

25

    eslint-visitor-keys "^3.3.0"

26

​

27

"@eslint-community/regexpp@^4.4.0":

28

  version "4.4.0"

29

  resolved "https://registry.yarnpkg.com/@eslint-community/regexpp/-/regexpp-4.4.0.tgz#3e61c564fcd6b921cb789838631c5ee44df09403"

30

  integrity sha512-A9983Q0LnDGdLPjxyXQ00sbV+K+O+ko2Dr+CZigbHWtX9pNfxlaBkMR8X1CztI73zuEyEBXTVjx7CE+/VSwDiQ==

31

​

32

"@eslint/eslintrc@^2.0.2":

33

  version "2.0.2"

34

  resolved "https://registry.yarnpkg.com/@eslint/eslintrc/-/eslintrc-2.0.2.tgz#01575e38707add677cf73ca1589abba8da899a02"

35

  integrity sha512-3W4f5tDUra+pA+FzgugqL2pRimUTDJWKr7BINqOpkZrC0uYI0NIc0/JFgBROCU07HR6GieA5m3/rsPIhDmCXTQ==

36

  dependencies:

37

    ajv "^6.12.4"

38

    debug "^4.3.2"

39

    espree "^9.5.1"

40

    globals "^13.19.0"

41

    ignore "^5.2.0"

42

    import-fresh "^3.2.1"

43

    js-yaml "^4.1.0"

44

    minimatch "^3.1.2"

45

    strip-json-comments "^3.1.1"

@ibphantom
Propose changes
Commit summary
Optional extended description
Footer
© 2023 GitHub, Inc.
Footer navigation

    Terms
    Privacy
    Security
    Status
    Docs
    Contact GitHub
    Pricing
    API
    Training
    Blog
    About

